{
  "object": {
    "pins": [
      {
        "package": "FXPageControl",
        "repositoryURL": "https://github.com/Climbatize/FXPageControl.git",
        "state": {
          "branch": null,
          "revision": "00327cd11f7aac797a022e87ffacdab31f8eb0a6",
          "version": "1.5.3"
        }
      }
    ]
  },
  "version": 1
}
