// !$*UTF8*$!
{
	archiveVersion = 1;
	classes = {
	};
	objectVersion = 46;
	objects = {

/* Begin PBXBuildFile section */
		285718181C568336004D7E7B /* DataProvider.swift in Sources */ = {isa = PBXBuildFile; fileRef = 285718171C568336004D7E7B /* DataProvider.swift */; };
		285DA2881C569AA2000908CA /* ChildExampleViewController.swift in Sources */ = {isa = PBXBuildFile; fileRef = 285DA2861C569AA2000908CA /* ChildExampleViewController.swift */; };
		285DA2891C569AA2000908CA /* TableChildExampleViewController.swift in Sources */ = {isa = PBXBuildFile; fileRef = 285DA2871C569AA2000908CA /* TableChildExampleViewController.swift */; };
		285DA28C1C592154000908CA /* InstagramExampleViewController.swift in Sources */ = {isa = PBXBuildFile; fileRef = 285DA28B1C592154000908CA /* InstagramExampleViewController.swift */; };
		285DA2901C59C587000908CA /* SpotifyExampleViewController.swift in Sources */ = {isa = PBXBuildFile; fileRef = 285DA28F1C59C587000908CA /* SpotifyExampleViewController.swift */; };
		285DA2931C5A596B000908CA /* YoutubeExampleViewController.swift in Sources */ = {isa = PBXBuildFile; fileRef = 285DA2921C5A596B000908CA /* YoutubeExampleViewController.swift */; };
		285DA2951C5A6A00000908CA /* YoutubeIconCell.swift in Sources */ = {isa = PBXBuildFile; fileRef = 285DA2941C5A6A00000908CA /* YoutubeIconCell.swift */; };
		285DA2971C5A6A36000908CA /* YoutubeIconCell.xib in Resources */ = {isa = PBXBuildFile; fileRef = 285DA2961C5A6A36000908CA /* YoutubeIconCell.xib */; };
		287D0A721C4B7877004566D6 /* ExampleUITests.swift in Sources */ = {isa = PBXBuildFile; fileRef = 287D0A711C4B7877004566D6 /* ExampleUITests.swift */; };
		287D0A7D1C4B7B55004566D6 /* XLPagerTabStrip.framework in Frameworks */ = {isa = PBXBuildFile; fileRef = 287D0A7A1C4B7B26004566D6 /* XLPagerTabStrip.framework */; };
		287D0A7E1C4B7B55004566D6 /* XLPagerTabStrip.framework in Embed Frameworks */ = {isa = PBXBuildFile; fileRef = 287D0A7A1C4B7B26004566D6 /* XLPagerTabStrip.framework */; settings = {ATTRIBUTES = (CodeSignOnCopy, RemoveHeadersOnCopy, ); }; };
		28F828D01C4B714D00330CF4 /* AppDelegate.swift in Sources */ = {isa = PBXBuildFile; fileRef = 28F828CF1C4B714D00330CF4 /* AppDelegate.swift */; };
		CB2125DE1C52A80E002DAF42 /* TwitterExampleViewController.swift in Sources */ = {isa = PBXBuildFile; fileRef = CB2125DD1C52A80E002DAF42 /* TwitterExampleViewController.swift */; };
		CB3697BF1C5177B4001FC5F8 /* ButtonBarExampleViewController.swift in Sources */ = {isa = PBXBuildFile; fileRef = CB3697BE1C5177B4001FC5F8 /* ButtonBarExampleViewController.swift */; };
		CB71C6EB1C4EB964008EC806 /* SegmentedExampleViewController.swift in Sources */ = {isa = PBXBuildFile; fileRef = CB71C6EA1C4EB964008EC806 /* SegmentedExampleViewController.swift */; };
		CB71C6F31C4FDDCE008EC806 /* PostCell.swift in Sources */ = {isa = PBXBuildFile; fileRef = CB71C6F21C4FDDCE008EC806 /* PostCell.swift */; };
		CB86ED801C4D6F0D00DA463B /* Assets.xcassets in Resources */ = {isa = PBXBuildFile; fileRef = CB86ED6F1C4D6F0D00DA463B /* Assets.xcassets */; };
		CB86ED811C4D6F0D00DA463B /* LaunchScreen.storyboard in Resources */ = {isa = PBXBuildFile; fileRef = CB86ED711C4D6F0D00DA463B /* LaunchScreen.storyboard */; };
		CB86ED941C4E89DD00DA463B /* PostCell.xib in Resources */ = {isa = PBXBuildFile; fileRef = CB86ED931C4E89DD00DA463B /* PostCell.xib */; };
		CBA0A1FF1C50304500C5748C /* BarExampleViewController.swift in Sources */ = {isa = PBXBuildFile; fileRef = CBA0A1FE1C50304500C5748C /* BarExampleViewController.swift */; };
		CBA0A2021C5032E100C5748C /* Storyboard.storyboard in Resources */ = {isa = PBXBuildFile; fileRef = CBA0A2011C5032E100C5748C /* Storyboard.storyboard */; };
		CBA0A2041C5033B400C5748C /* ReloadExampleViewController.swift in Sources */ = {isa = PBXBuildFile; fileRef = CBA0A2031C5033B400C5748C /* ReloadExampleViewController.swift */; };
		CBBD435F1C5274AE001A748E /* NavButtonBarExampleViewController.swift in Sources */ = {isa = PBXBuildFile; fileRef = CBBD435E1C5274AE001A748E /* NavButtonBarExampleViewController.swift */; };
/* End PBXBuildFile section */

/* Begin PBXContainerItemProxy section */
		287D0A791C4B7B26004566D6 /* PBXContainerItemProxy */ = {
			isa = PBXContainerItemProxy;
			containerPortal = 287D0A741C4B7B26004566D6 /* XLPagerTabStrip.xcodeproj */;
			proxyType = 2;
			remoteGlobalIDString = 28F8287D1C494B2C00330CF4;
			remoteInfo = XLPagerTabStrip;
		};
		287D0A7B1C4B7B26004566D6 /* PBXContainerItemProxy */ = {
			isa = PBXContainerItemProxy;
			containerPortal = 287D0A741C4B7B26004566D6 /* XLPagerTabStrip.xcodeproj */;
			proxyType = 2;
			remoteGlobalIDString = 28F828871C494B2C00330CF4;
			remoteInfo = XLPagerTabStripTests;
		};
		287D0A7F1C4B7B55004566D6 /* PBXContainerItemProxy */ = {
			isa = PBXContainerItemProxy;
			containerPortal = 287D0A741C4B7B26004566D6 /* XLPagerTabStrip.xcodeproj */;
			proxyType = 1;
			remoteGlobalIDString = 28F8287C1C494B2C00330CF4;
			remoteInfo = XLPagerTabStrip;
		};
		28F828E11C4B714D00330CF4 /* PBXContainerItemProxy */ = {
			isa = PBXContainerItemProxy;
			containerPortal = 28F828C41C4B714D00330CF4 /* Project object */;
			proxyType = 1;
			remoteGlobalIDString = 28F828CB1C4B714D00330CF4;
			remoteInfo = Example;
		};
/* End PBXContainerItemProxy section */

/* Begin PBXCopyFilesBuildPhase section */
		287D0A811C4B7B55004566D6 /* Embed Frameworks */ = {
			isa = PBXCopyFilesBuildPhase;
			buildActionMask = 2147483647;
			dstPath = "";
			dstSubfolderSpec = 10;
			files = (
				287D0A7E1C4B7B55004566D6 /* XLPagerTabStrip.framework in Embed Frameworks */,
			);
			name = "Embed Frameworks";
			runOnlyForDeploymentPostprocessing = 0;
		};
/* End PBXCopyFilesBuildPhase section */

/* Begin PBXFileReference section */
		285718171C568336004D7E7B /* DataProvider.swift */ = {isa = PBXFileReference; fileEncoding = 4; lastKnownFileType = sourcecode.swift; name = DataProvider.swift; path = Example/Helpers/DataProvider.swift; sourceTree = "<group>"; };
		285DA2861C569AA2000908CA /* ChildExampleViewController.swift */ = {isa = PBXFileReference; fileEncoding = 4; lastKnownFileType = sourcecode.swift; name = ChildExampleViewController.swift; path = Example/ChildControllers/ChildExampleViewController.swift; sourceTree = "<group>"; };
		285DA2871C569AA2000908CA /* TableChildExampleViewController.swift */ = {isa = PBXFileReference; fileEncoding = 4; lastKnownFileType = sourcecode.swift; name = TableChildExampleViewController.swift; path = Example/ChildControllers/TableChildExampleViewController.swift; sourceTree = "<group>"; };
		285DA28B1C592154000908CA /* InstagramExampleViewController.swift */ = {isa = PBXFileReference; fileEncoding = 4; lastKnownFileType = sourcecode.swift; name = InstagramExampleViewController.swift; path = Example/Instagram/InstagramExampleViewController.swift; sourceTree = "<group>"; };
		285DA28F1C59C587000908CA /* SpotifyExampleViewController.swift */ = {isa = PBXFileReference; fileEncoding = 4; lastKnownFileType = sourcecode.swift; path = SpotifyExampleViewController.swift; sourceTree = "<group>"; };
		285DA2921C5A596B000908CA /* YoutubeExampleViewController.swift */ = {isa = PBXFileReference; fileEncoding = 4; lastKnownFileType = sourcecode.swift; name = YoutubeExampleViewController.swift; path = Example/Youtube/YoutubeExampleViewController.swift; sourceTree = "<group>"; };
		285DA2941C5A6A00000908CA /* YoutubeIconCell.swift */ = {isa = PBXFileReference; fileEncoding = 4; lastKnownFileType = sourcecode.swift; name = YoutubeIconCell.swift; path = Example/Youtube/YoutubeIconCell.swift; sourceTree = "<group>"; };
		285DA2961C5A6A36000908CA /* YoutubeIconCell.xib */ = {isa = PBXFileReference; fileEncoding = 4; lastKnownFileType = file.xib; name = YoutubeIconCell.xib; path = Example/Youtube/YoutubeIconCell.xib; sourceTree = "<group>"; };
		287D0A711C4B7877004566D6 /* ExampleUITests.swift */ = {isa = PBXFileReference; fileEncoding = 4; lastKnownFileType = sourcecode.swift; name = ExampleUITests.swift; path = Example/ExampleUITests/ExampleUITests.swift; sourceTree = SOURCE_ROOT; };
		287D0A741C4B7B26004566D6 /* XLPagerTabStrip.xcodeproj */ = {isa = PBXFileReference; lastKnownFileType = "wrapper.pb-project"; path = XLPagerTabStrip.xcodeproj; sourceTree = "<group>"; };
		28F828CC1C4B714D00330CF4 /* Example.app */ = {isa = PBXFileReference; explicitFileType = wrapper.application; includeInIndex = 0; path = Example.app; sourceTree = BUILT_PRODUCTS_DIR; };
		28F828CF1C4B714D00330CF4 /* AppDelegate.swift */ = {isa = PBXFileReference; lastKnownFileType = sourcecode.swift; name = AppDelegate.swift; path = Example/AppDelegate.swift; sourceTree = "<group>"; };
		28F828DB1C4B714D00330CF4 /* Info.plist */ = {isa = PBXFileReference; lastKnownFileType = text.plist.xml; name = Info.plist; path = Example/Info.plist; sourceTree = "<group>"; };
		28F828E01C4B714D00330CF4 /* ExampleUITests.xctest */ = {isa = PBXFileReference; explicitFileType = wrapper.cfbundle; includeInIndex = 0; path = ExampleUITests.xctest; sourceTree = BUILT_PRODUCTS_DIR; };
		28F828E61C4B714D00330CF4 /* Info.plist */ = {isa = PBXFileReference; lastKnownFileType = text.plist; name = Info.plist; path = Example/ExampleUITests/Info.plist; sourceTree = "<group>"; };
		CB2125DD1C52A80E002DAF42 /* TwitterExampleViewController.swift */ = {isa = PBXFileReference; fileEncoding = 4; lastKnownFileType = sourcecode.swift; name = TwitterExampleViewController.swift; path = Example/TwitterExampleViewController.swift; sourceTree = "<group>"; };
		CB3697BE1C5177B4001FC5F8 /* ButtonBarExampleViewController.swift */ = {isa = PBXFileReference; fileEncoding = 4; lastKnownFileType = sourcecode.swift; name = ButtonBarExampleViewController.swift; path = Example/Example/ButtonBarExampleViewController.swift; sourceTree = SOURCE_ROOT; };
		CB71C6EA1C4EB964008EC806 /* SegmentedExampleViewController.swift */ = {isa = PBXFileReference; fileEncoding = 4; lastKnownFileType = sourcecode.swift; name = SegmentedExampleViewController.swift; path = Example/SegmentedExampleViewController.swift; sourceTree = "<group>"; };
		CB71C6F21C4FDDCE008EC806 /* PostCell.swift */ = {isa = PBXFileReference; fileEncoding = 4; lastKnownFileType = sourcecode.swift; name = PostCell.swift; path = Example/Helpers/PostCell.swift; sourceTree = "<group>"; };
		CB86ED6F1C4D6F0D00DA463B /* Assets.xcassets */ = {isa = PBXFileReference; lastKnownFileType = folder.assetcatalog; name = Assets.xcassets; path = Example/Assets.xcassets; sourceTree = "<group>"; };
		CB86ED721C4D6F0D00DA463B /* Base */ = {isa = PBXFileReference; lastKnownFileType = file.storyboard; name = Base; path = LaunchScreen.storyboard; sourceTree = "<group>"; };
		CB86ED931C4E89DD00DA463B /* PostCell.xib */ = {isa = PBXFileReference; fileEncoding = 4; lastKnownFileType = file.xib; name = PostCell.xib; path = Example/Helpers/PostCell.xib; sourceTree = "<group>"; };
		CBA0A1FE1C50304500C5748C /* BarExampleViewController.swift */ = {isa = PBXFileReference; fileEncoding = 4; lastKnownFileType = sourcecode.swift; name = BarExampleViewController.swift; path = Example/BarExampleViewController.swift; sourceTree = "<group>"; };
		CBA0A2011C5032E100C5748C /* Storyboard.storyboard */ = {isa = PBXFileReference; fileEncoding = 4; lastKnownFileType = file.storyboard; path = Storyboard.storyboard; sourceTree = "<group>"; };
		CBA0A2031C5033B400C5748C /* ReloadExampleViewController.swift */ = {isa = PBXFileReference; fileEncoding = 4; lastKnownFileType = sourcecode.swift; name = ReloadExampleViewController.swift; path = Example/ReloadExampleViewController.swift; sourceTree = "<group>"; };
		CBBD435E1C5274AE001A748E /* NavButtonBarExampleViewController.swift */ = {isa = PBXFileReference; fileEncoding = 4; lastKnownFileType = sourcecode.swift; name = NavButtonBarExampleViewController.swift; path = Example/NavButtonBarExampleViewController.swift; sourceTree = "<group>"; };
/* End PBXFileReference section */

/* Begin PBXFrameworksBuildPhase section */
		28F828C91C4B714D00330CF4 /* Frameworks */ = {
			isa = PBXFrameworksBuildPhase;
			buildActionMask = 2147483647;
			files = (
				287D0A7D1C4B7B55004566D6 /* XLPagerTabStrip.framework in Frameworks */,
			);
			runOnlyForDeploymentPostprocessing = 0;
		};
		28F828DD1C4B714D00330CF4 /* Frameworks */ = {
			isa = PBXFrameworksBuildPhase;
			buildActionMask = 2147483647;
			files = (
			);
			runOnlyForDeploymentPostprocessing = 0;
		};
/* End PBXFrameworksBuildPhase section */

/* Begin PBXGroup section */
		285718151C568285004D7E7B /* Helpers */ = {
			isa = PBXGroup;
			children = (
				CB86ED931C4E89DD00DA463B /* PostCell.xib */,
				CB71C6F21C4FDDCE008EC806 /* PostCell.swift */,
				285718171C568336004D7E7B /* DataProvider.swift */,
			);
			name = Helpers;
			sourceTree = "<group>";
		};
		285DA2841C569A3E000908CA /* ChildControllers */ = {
			isa = PBXGroup;
			children = (
				285DA2861C569AA2000908CA /* ChildExampleViewController.swift */,
				285DA2871C569AA2000908CA /* TableChildExampleViewController.swift */,
			);
			name = ChildControllers;
			sourceTree = "<group>";
		};
		285DA28A1C59210F000908CA /* Instagram  */ = {
			isa = PBXGroup;
			children = (
				285DA28B1C592154000908CA /* InstagramExampleViewController.swift */,
			);
			name = "Instagram ";
			sourceTree = "<group>";
		};
		285DA28E1C59C587000908CA /* Spotify */ = {
			isa = PBXGroup;
			children = (
				285DA28F1C59C587000908CA /* SpotifyExampleViewController.swift */,
			);
			name = Spotify;
			path = Example/Spotify;
			sourceTree = "<group>";
		};
		285DA2911C5A5945000908CA /* Youtube */ = {
			isa = PBXGroup;
			children = (
				285DA2921C5A596B000908CA /* YoutubeExampleViewController.swift */,
				285DA2941C5A6A00000908CA /* YoutubeIconCell.swift */,
				285DA2961C5A6A36000908CA /* YoutubeIconCell.xib */,
			);
			name = Youtube;
			sourceTree = "<group>";
		};
		287D0A751C4B7B26004566D6 /* Products */ = {
			isa = PBXGroup;
			children = (
				287D0A7A1C4B7B26004566D6 /* XLPagerTabStrip.framework */,
				287D0A7C1C4B7B26004566D6 /* XLPagerTabStripTests.xctest */,
			);
			name = Products;
			sourceTree = "<group>";
		};
		28F828C31C4B714D00330CF4 = {
			isa = PBXGroup;
			children = (
				28F828CE1C4B714D00330CF4 /* Example */,
				28F828E31C4B714D00330CF4 /* ExampleUITests */,
				28F828CD1C4B714D00330CF4 /* Products */,
				287D0A741C4B7B26004566D6 /* XLPagerTabStrip.xcodeproj */,
			);
			sourceTree = "<group>";
		};
		28F828CD1C4B714D00330CF4 /* Products */ = {
			isa = PBXGroup;
			children = (
				28F828CC1C4B714D00330CF4 /* Example.app */,
				28F828E01C4B714D00330CF4 /* ExampleUITests.xctest */,
			);
			name = Products;
			sourceTree = "<group>";
		};
		28F828CE1C4B714D00330CF4 /* Example */ = {
			isa = PBXGroup;
			children = (
				CB86ED6C1C4D6ED400DA463B /* Demo */,
				28F828CF1C4B714D00330CF4 /* AppDelegate.swift */,
				28F828DB1C4B714D00330CF4 /* Info.plist */,
			);
			path = Example;
			sourceTree = "<group>";
		};
		28F828E31C4B714D00330CF4 /* ExampleUITests */ = {
			isa = PBXGroup;
			children = (
				28F828E61C4B714D00330CF4 /* Info.plist */,
				287D0A711C4B7877004566D6 /* ExampleUITests.swift */,
			);
			path = ExampleUITests;
			sourceTree = "<group>";
		};
		CB86ED6C1C4D6ED400DA463B /* Demo */ = {
			isa = PBXGroup;
			children = (
				285DA2911C5A5945000908CA /* Youtube */,
				285DA28E1C59C587000908CA /* Spotify */,
				285DA28A1C59210F000908CA /* Instagram  */,
				285DA2841C569A3E000908CA /* ChildControllers */,
				285718151C568285004D7E7B /* Helpers */,
				CB86ED701C4D6F0D00DA463B /* Base.lproj */,
				CB86ED6F1C4D6F0D00DA463B /* Assets.xcassets */,
				CB71C6EA1C4EB964008EC806 /* SegmentedExampleViewController.swift */,
				CB3697BE1C5177B4001FC5F8 /* ButtonBarExampleViewController.swift */,
				CBA0A1FE1C50304500C5748C /* BarExampleViewController.swift */,
				CBA0A2031C5033B400C5748C /* ReloadExampleViewController.swift */,
				CBBD435E1C5274AE001A748E /* NavButtonBarExampleViewController.swift */,
				CB2125DD1C52A80E002DAF42 /* TwitterExampleViewController.swift */,
			);
			name = Demo;
			sourceTree = "<group>";
		};
		CB86ED701C4D6F0D00DA463B /* Base.lproj */ = {
			isa = PBXGroup;
			children = (
				CBA0A2011C5032E100C5748C /* Storyboard.storyboard */,
				CB86ED711C4D6F0D00DA463B /* LaunchScreen.storyboard */,
			);
			name = Base.lproj;
			path = Example/Base.lproj;
			sourceTree = "<group>";
		};
/* End PBXGroup section */

/* Begin PBXNativeTarget section */
		28F828CB1C4B714D00330CF4 /* Example */ = {
			isa = PBXNativeTarget;
			buildConfigurationList = 28F828E91C4B714D00330CF4 /* Build configuration list for PBXNativeTarget "Example" */;
			buildPhases = (
				28F828C81C4B714D00330CF4 /* Sources */,
				28F828C91C4B714D00330CF4 /* Frameworks */,
				28F828CA1C4B714D00330CF4 /* Resources */,
				287D0A811C4B7B55004566D6 /* Embed Frameworks */,
			);
			buildRules = (
			);
			dependencies = (
				287D0A801C4B7B55004566D6 /* PBXTargetDependency */,
			);
			name = Example;
			productName = Example;
			productReference = 28F828CC1C4B714D00330CF4 /* Example.app */;
			productType = "com.apple.product-type.application";
		};
		28F828DF1C4B714D00330CF4 /* ExampleUITests */ = {
			isa = PBXNativeTarget;
			buildConfigurationList = 28F828EC1C4B714D00330CF4 /* Build configuration list for PBXNativeTarget "ExampleUITests" */;
			buildPhases = (
				28F828DC1C4B714D00330CF4 /* Sources */,
				28F828DD1C4B714D00330CF4 /* Frameworks */,
				28F828DE1C4B714D00330CF4 /* Resources */,
			);
			buildRules = (
			);
			dependencies = (
				28F828E21C4B714D00330CF4 /* PBXTargetDependency */,
			);
			name = ExampleUITests;
			productName = ExampleUITests;
			productReference = 28F828E01C4B714D00330CF4 /* ExampleUITests.xctest */;
			productType = "com.apple.product-type.bundle.ui-testing";
		};
/* End PBXNativeTarget section */

/* Begin PBXProject section */
		28F828C41C4B714D00330CF4 /* Project object */ = {
			isa = PBXProject;
			attributes = {
				LastSwiftUpdateCheck = 0720;
				LastUpgradeCheck = 0800;
				TargetAttributes = {
					28F828CB1C4B714D00330CF4 = {
						CreatedOnToolsVersion = 7.2;
						LastSwiftMigration = 0800;
					};
					28F828DF1C4B714D00330CF4 = {
						CreatedOnToolsVersion = 7.2;
						LastSwiftMigration = 0800;
						TestTargetID = 28F828CB1C4B714D00330CF4;
					};
				};
			};
			buildConfigurationList = 28F828C71C4B714D00330CF4 /* Build configuration list for PBXProject "Example" */;
			compatibilityVersion = "Xcode 3.2";
			developmentRegion = English;
			hasScannedForEncodings = 0;
			knownRegions = (
				en,
				Base,
			);
			mainGroup = 28F828C31C4B714D00330CF4;
			productRefGroup = 28F828CD1C4B714D00330CF4 /* Products */;
			projectDirPath = "";
			projectReferences = (
				{
					ProductGroup = 287D0A751C4B7B26004566D6 /* Products */;
					ProjectRef = 287D0A741C4B7B26004566D6 /* XLPagerTabStrip.xcodeproj */;
				},
			);
			projectRoot = "";
			targets = (
				28F828CB1C4B714D00330CF4 /* Example */,
				28F828DF1C4B714D00330CF4 /* ExampleUITests */,
			);
		};
/* End PBXProject section */

/* Begin PBXReferenceProxy section */
		287D0A7A1C4B7B26004566D6 /* XLPagerTabStrip.framework */ = {
			isa = PBXReferenceProxy;
			fileType = wrapper.framework;
			path = XLPagerTabStrip.framework;
			remoteRef = 287D0A791C4B7B26004566D6 /* PBXContainerItemProxy */;
			sourceTree = BUILT_PRODUCTS_DIR;
		};
		287D0A7C1C4B7B26004566D6 /* XLPagerTabStripTests.xctest */ = {
			isa = PBXReferenceProxy;
			fileType = wrapper.cfbundle;
			path = XLPagerTabStripTests.xctest;
			remoteRef = 287D0A7B1C4B7B26004566D6 /* PBXContainerItemProxy */;
			sourceTree = BUILT_PRODUCTS_DIR;
		};
/* End PBXReferenceProxy section */

/* Begin PBXResourcesBuildPhase section */
		28F828CA1C4B714D00330CF4 /* Resources */ = {
			isa = PBXResourcesBuildPhase;
			buildActionMask = 2147483647;
			files = (
				CB86ED801C4D6F0D00DA463B /* Assets.xcassets in Resources */,
				CB86ED941C4E89DD00DA463B /* PostCell.xib in Resources */,
				CBA0A2021C5032E100C5748C /* Storyboard.storyboard in Resources */,
				CB86ED811C4D6F0D00DA463B /* LaunchScreen.storyboard in Resources */,
				285DA2971C5A6A36000908CA /* YoutubeIconCell.xib in Resources */,
			);
			runOnlyForDeploymentPostprocessing = 0;
		};
		28F828DE1C4B714D00330CF4 /* Resources */ = {
			isa = PBXResourcesBuildPhase;
			buildActionMask = 2147483647;
			files = (
			);
			runOnlyForDeploymentPostprocessing = 0;
		};
/* End PBXResourcesBuildPhase section */

/* Begin PBXSourcesBuildPhase section */
		28F828C81C4B714D00330CF4 /* Sources */ = {
			isa = PBXSourcesBuildPhase;
			buildActionMask = 2147483647;
			files = (
				285DA28C1C592154000908CA /* InstagramExampleViewController.swift in Sources */,
				CB71C6EB1C4EB964008EC806 /* SegmentedExampleViewController.swift in Sources */,
				28F828D01C4B714D00330CF4 /* AppDelegate.swift in Sources */,
				CBA0A2041C5033B400C5748C /* ReloadExampleViewController.swift in Sources */,
				285DA2901C59C587000908CA /* SpotifyExampleViewController.swift in Sources */,
				CB3697BF1C5177B4001FC5F8 /* ButtonBarExampleViewController.swift in Sources */,
				285DA2881C569AA2000908CA /* ChildExampleViewController.swift in Sources */,
				CBA0A1FF1C50304500C5748C /* BarExampleViewController.swift in Sources */,
				285718181C568336004D7E7B /* DataProvider.swift in Sources */,
				CB2125DE1C52A80E002DAF42 /* TwitterExampleViewController.swift in Sources */,
				285DA2891C569AA2000908CA /* TableChildExampleViewController.swift in Sources */,
				CBBD435F1C5274AE001A748E /* NavButtonBarExampleViewController.swift in Sources */,
				CB71C6F31C4FDDCE008EC806 /* PostCell.swift in Sources */,
				285DA2931C5A596B000908CA /* YoutubeExampleViewController.swift in Sources */,
				285DA2951C5A6A00000908CA /* YoutubeIconCell.swift in Sources */,
			);
			runOnlyForDeploymentPostprocessing = 0;
		};
		28F828DC1C4B714D00330CF4 /* Sources */ = {
			isa = PBXSourcesBuildPhase;
			buildActionMask = 2147483647;
			files = (
				287D0A721C4B7877004566D6 /* ExampleUITests.swift in Sources */,
			);
			runOnlyForDeploymentPostprocessing = 0;
		};
/* End PBXSourcesBuildPhase section */

/* Begin PBXTargetDependency section */
		287D0A801C4B7B55004566D6 /* PBXTargetDependency */ = {
			isa = PBXTargetDependency;
			name = XLPagerTabStrip;
			targetProxy = 287D0A7F1C4B7B55004566D6 /* PBXContainerItemProxy */;
		};
		28F828E21C4B714D00330CF4 /* PBXTargetDependency */ = {
			isa = PBXTargetDependency;
			target = 28F828CB1C4B714D00330CF4 /* Example */;
			targetProxy = 28F828E11C4B714D00330CF4 /* PBXContainerItemProxy */;
		};
/* End PBXTargetDependency section */

/* Begin PBXVariantGroup section */
		CB86ED711C4D6F0D00DA463B /* LaunchScreen.storyboard */ = {
			isa = PBXVariantGroup;
			children = (
				CB86ED721C4D6F0D00DA463B /* Base */,
			);
			name = LaunchScreen.storyboard;
			sourceTree = "<group>";
		};
/* End PBXVariantGroup section */

/* Begin XCBuildConfiguration section */
		28F828E71C4B714D00330CF4 /* Debug */ = {
			isa = XCBuildConfiguration;
			buildSettings = {
				ALWAYS_SEARCH_USER_PATHS = NO;
				CLANG_CXX_LANGUAGE_STANDARD = "gnu++0x";
				CLANG_CXX_LIBRARY = "libc++";
				CLANG_ENABLE_MODULES = YES;
				CLANG_ENABLE_OBJC_ARC = YES;
				CLANG_WARN_BOOL_CONVERSION = YES;
				CLANG_WARN_CONSTANT_CONVERSION = YES;
				CLANG_WARN_DIRECT_OBJC_ISA_USAGE = YES_ERROR;
				CLANG_WARN_EMPTY_BODY = YES;
				CLANG_WARN_ENUM_CONVERSION = YES;
				CLANG_WARN_INFINITE_RECURSION = YES;
				CLANG_WARN_INT_CONVERSION = YES;
				CLANG_WARN_OBJC_ROOT_CLASS = YES_ERROR;
				CLANG_WARN_SUSPICIOUS_MOVE = YES;
				CLANG_WARN_UNREACHABLE_CODE = YES;
				CLANG_WARN__DUPLICATE_METHOD_MATCH = YES;
				"CODE_SIGN_IDENTITY[sdk=iphoneos*]" = "iPhone Developer";
				COPY_PHASE_STRIP = NO;
				DEBUG_INFORMATION_FORMAT = dwarf;
				ENABLE_STRICT_OBJC_MSGSEND = YES;
				ENABLE_TESTABILITY = YES;
				GCC_C_LANGUAGE_STANDARD = gnu99;
				GCC_DYNAMIC_NO_PIC = NO;
				GCC_NO_COMMON_BLOCKS = YES;
				GCC_OPTIMIZATION_LEVEL = 0;
				GCC_PREPROCESSOR_DEFINITIONS = (
					"DEBUG=1",
					"$(inherited)",
				);
				GCC_WARN_64_TO_32_BIT_CONVERSION = YES;
				GCC_WARN_ABOUT_RETURN_TYPE = YES_ERROR;
				GCC_WARN_UNDECLARED_SELECTOR = YES;
				GCC_WARN_UNINITIALIZED_AUTOS = YES_AGGRESSIVE;
				GCC_WARN_UNUSED_FUNCTION = YES;
				GCC_WARN_UNUSED_VARIABLE = YES;
				IPHONEOS_DEPLOYMENT_TARGET = 9.2;
				MTL_ENABLE_DEBUG_INFO = YES;
				ONLY_ACTIVE_ARCH = YES;
				SDKROOT = iphoneos;
				SWIFT_OPTIMIZATION_LEVEL = "-Onone";
			};
			name = Debug;
		};
		28F828E81C4B714D00330CF4 /* Release */ = {
			isa = XCBuildConfiguration;
			buildSettings = {
				ALWAYS_SEARCH_USER_PATHS = NO;
				CLANG_CXX_LANGUAGE_STANDARD = "gnu++0x";
				CLANG_CXX_LIBRARY = "libc++";
				CLANG_ENABLE_MODULES = YES;
				CLANG_ENABLE_OBJC_ARC = YES;
				CLANG_WARN_BOOL_CONVERSION = YES;
				CLANG_WARN_CONSTANT_CONVERSION = YES;
				CLANG_WARN_DIRECT_OBJC_ISA_USAGE = YES_ERROR;
				CLANG_WARN_EMPTY_BODY = YES;
				CLANG_WARN_ENUM_CONVERSION = YES;
				CLANG_WARN_INFINITE_RECURSION = YES;
				CLANG_WARN_INT_CONVERSION = YES;
				CLANG_WARN_OBJC_ROOT_CLASS = YES_ERROR;
				CLANG_WARN_SUSPICIOUS_MOVE = YES;
				CLANG_WARN_UNREACHABLE_CODE = YES;
				CLANG_WARN__DUPLICATE_METHOD_MATCH = YES;
				"CODE_SIGN_IDENTITY[sdk=iphoneos*]" = "iPhone Developer";
				COPY_PHASE_STRIP = NO;
				DEBUG_INFORMATION_FORMAT = "dwarf-with-dsym";
				ENABLE_NS_ASSERTIONS = NO;
				ENABLE_STRICT_OBJC_MSGSEND = YES;
				GCC_C_LANGUAGE_STANDARD = gnu99;
				GCC_NO_COMMON_BLOCKS = YES;
				GCC_WARN_64_TO_32_BIT_CONVERSION = YES;
				GCC_WARN_ABOUT_RETURN_TYPE = YES_ERROR;
				GCC_WARN_UNDECLARED_SELECTOR = YES;
				GCC_WARN_UNINITIALIZED_AUTOS = YES_AGGRESSIVE;
				GCC_WARN_UNUSED_FUNCTION = YES;
				GCC_WARN_UNUSED_VARIABLE = YES;
				IPHONEOS_DEPLOYMENT_TARGET = 9.2;
				MTL_ENABLE_DEBUG_INFO = NO;
				SDKROOT = iphoneos;
				SWIFT_OPTIMIZATION_LEVEL = "-Owholemodule";
				VALIDATE_PRODUCT = YES;
			};
			name = Release;
		};
		28F828EA1C4B714D00330CF4 /* Debug */ = {
			isa = XCBuildConfiguration;
			buildSettings = {
				ALWAYS_EMBED_SWIFT_STANDARD_LIBRARIES = YES;
				ASSETCATALOG_COMPILER_APPICON_NAME = AppIcon;
				CLANG_ENABLE_MODULES = YES;
				INFOPLIST_FILE = "$(SRCROOT)/Example/Example/Info.plist";
				LD_RUNPATH_SEARCH_PATHS = "$(inherited) @executable_path/Frameworks";
				PRODUCT_BUNDLE_IDENTIFIER = com.xmartlabs.Example;
				PRODUCT_NAME = "$(TARGET_NAME)";
				SWIFT_OBJC_BRIDGING_HEADER = "";
				SWIFT_OPTIMIZATION_LEVEL = "-Onone";
				SWIFT_VERSION = 3.0;
			};
			name = Debug;
		};
		28F828EB1C4B714D00330CF4 /* Release */ = {
			isa = XCBuildConfiguration;
			buildSettings = {
				ALWAYS_EMBED_SWIFT_STANDARD_LIBRARIES = YES;
				ASSETCATALOG_COMPILER_APPICON_NAME = AppIcon;
				CLANG_ENABLE_MODULES = YES;
				INFOPLIST_FILE = "$(SRCROOT)/Example/Example/Info.plist";
				LD_RUNPATH_SEARCH_PATHS = "$(inherited) @executable_path/Frameworks";
				PRODUCT_BUNDLE_IDENTIFIER = com.xmartlabs.Example;
				PRODUCT_NAME = "$(TARGET_NAME)";
				SWIFT_OBJC_BRIDGING_HEADER = "";
				SWIFT_VERSION = 3.0;
			};
			name = Release;
		};
		28F828ED1C4B714D00330CF4 /* Debug */ = {
			isa = XCBuildConfiguration;
			buildSettings = {
				CLANG_ENABLE_MODULES = YES;
				INFOPLIST_FILE = Example/ExampleUITests/Info.plist;
				LD_RUNPATH_SEARCH_PATHS = "$(inherited) @executable_path/Frameworks @loader_path/Frameworks";
				PRODUCT_BUNDLE_IDENTIFIER = com.xmartlabs.ExampleUITests;
				PRODUCT_NAME = "$(TARGET_NAME)";
				SWIFT_OPTIMIZATION_LEVEL = "-Onone";
				SWIFT_VERSION = 3.0;
				TEST_TARGET_NAME = Example;
				USES_XCTRUNNER = YES;
			};
			name = Debug;
		};
		28F828EE1C4B714D00330CF4 /* Release */ = {
			isa = XCBuildConfiguration;
			buildSettings = {
				CLANG_ENABLE_MODULES = YES;
				INFOPLIST_FILE = Example/ExampleUITests/Info.plist;
				LD_RUNPATH_SEARCH_PATHS = "$(inherited) @executable_path/Frameworks @loader_path/Frameworks";
				PRODUCT_BUNDLE_IDENTIFIER = com.xmartlabs.ExampleUITests;
				PRODUCT_NAME = "$(TARGET_NAME)";
				SWIFT_VERSION = 3.0;
				TEST_TARGET_NAME = Example;
				USES_XCTRUNNER = YES;
			};
			name = Release;
		};
/* End XCBuildConfiguration section */

/* Begin XCConfigurationList section */
		28F828C71C4B714D00330CF4 /* Build configuration list for PBXProject "Example" */ = {
			isa = XCConfigurationList;
			buildConfigurations = (
				28F828E71C4B714D00330CF4 /* Debug */,
				28F828E81C4B714D00330CF4 /* Release */,
			);
			defaultConfigurationIsVisible = 0;
			defaultConfigurationName = Release;
		};
		28F828E91C4B714D00330CF4 /* Build configuration list for PBXNativeTarget "Example" */ = {
			isa = XCConfigurationList;
			buildConfigurations = (
				28F828EA1C4B714D00330CF4 /* Debug */,
				28F828EB1C4B714D00330CF4 /* Release */,
			);
			defaultConfigurationIsVisible = 0;
			defaultConfigurationName = Release;
		};
		28F828EC1C4B714D00330CF4 /* Build configuration list for PBXNativeTarget "ExampleUITests" */ = {
			isa = XCConfigurationList;
			buildConfigurations = (
				28F828ED1C4B714D00330CF4 /* Debug */,
				28F828EE1C4B714D00330CF4 /* Release */,
			);
			defaultConfigurationIsVisible = 0;
			defaultConfigurationName = Release;
		};
/* End XCConfigurationList section */
	};
	rootObject = 28F828C41C4B714D00330CF4 /* Project object */;
}
